// !$*UTF8*$!
{
	archiveVersion = 1;
	classes = {
	};
	objectVersion = 46;
	objects = {

/* Begin PBXBuildFile section */
		DFE67FC61DC4D0BD0053AEBD /* main.m in Sources */ = {isa = PBXBuildFile; fileRef = DFE67FC51DC4D0BD0053AEBD /* main.m */; };
		DFE67FC91DC4D0BD0053AEBD /* AppDelegate.m in Sources */ = {isa = PBXBuildFile; fileRef = DFE67FC81DC4D0BD0053AEBD /* AppDelegate.m */; };
		DFE67FCF1DC4D0BD0053AEBD /* Main.storyboard in Resources */ = {isa = PBXBuildFile; fileRef = DFE67FCD1DC4D0BD0053AEBD /* Main.storyboard */; };
		DFE67FD11DC4D0BD0053AEBD /* Assets.xcassets in Resources */ = {isa = PBXBuildFile; fileRef = DFE67FD01DC4D0BD0053AEBD /* Assets.xcassets */; };
		DFE67FD41DC4D0BD0053AEBD /* LaunchScreen.storyboard in Resources */ = {isa = PBXBuildFile; fileRef = DFE67FD21DC4D0BD0053AEBD /* LaunchScreen.storyboard */; };
		DFE67FDD1DC4D0DC0053AEBD /* ViewController.m in Sources */ = {isa = PBXBuildFile; fileRef = DFE67FDC1DC4D0DC0053AEBD /* ViewController.m */; };
		DFE680051DC4D4C20053AEBD /* ASImageSelector.h in Headers */ = {isa = PBXBuildFile; fileRef = DFE680031DC4D4C20053AEBD /* ASImageSelector.h */; settings = {ATTRIBUTES = (Public, ); }; };
		DFE680081DC4D4C20053AEBD /* ASImageSelector.framework in Frameworks */ = {isa = PBXBuildFile; fileRef = DFE680011DC4D4C20053AEBD /* ASImageSelector.framework */; };
		DFE680091DC4D4C20053AEBD /* ASImageSelector.framework in Embed Frameworks */ = {isa = PBXBuildFile; fileRef = DFE680011DC4D4C20053AEBD /* ASImageSelector.framework */; settings = {ATTRIBUTES = (CodeSignOnCopy, RemoveHeadersOnCopy, ); }; };
		DFE6800F1DC4D5450053AEBD /* ASImageSelector.m in Sources */ = {isa = PBXBuildFile; fileRef = DFE67FEF1DC4D2460053AEBD /* ASImageSelector.m */; };
		DFE680101DC4D5450053AEBD /* ASImageSelectorVC.m in Sources */ = {isa = PBXBuildFile; fileRef = DFE67FF11DC4D2460053AEBD /* ASImageSelectorVC.m */; };
		DFE680111DC4D5450053AEBD /* ASRectUtils.m in Sources */ = {isa = PBXBuildFile; fileRef = DFE67FF41DC4D2460053AEBD /* ASRectUtils.m */; };
		DFE680121DC4D5450053AEBD /* ASRectView.m in Sources */ = {isa = PBXBuildFile; fileRef = DFE67FF61DC4D2460053AEBD /* ASRectView.m */; };
		DFE680141DC4DB4C0053AEBD /* ASImageSelectorVC.xib in Resources */ = {isa = PBXBuildFile; fileRef = DFE67FF21DC4D2460053AEBD /* ASImageSelectorVC.xib */; };
/* End PBXBuildFile section */

/* Begin PBXContainerItemProxy section */
		DFE680061DC4D4C20053AEBD /* PBXContainerItemProxy */ = {
			isa = PBXContainerItemProxy;
			containerPortal = DFE67FB91DC4D0BD0053AEBD /* Project object */;
			proxyType = 1;
			remoteGlobalIDString = DFE680001DC4D4C20053AEBD;
			remoteInfo = ASImageSelector;
		};
/* End PBXContainerItemProxy section */

/* Begin PBXCopyFilesBuildPhase section */
		DFE6800D1DC4D4C20053AEBD /* Embed Frameworks */ = {
			isa = PBXCopyFilesBuildPhase;
			buildActionMask = 2147483647;
			dstPath = "";
			dstSubfolderSpec = 10;
			files = (
				DFE680091DC4D4C20053AEBD /* ASImageSelector.framework in Embed Frameworks */,
			);
			name = "Embed Frameworks";
			runOnlyForDeploymentPostprocessing = 0;
		};
/* End PBXCopyFilesBuildPhase section */

/* Begin PBXFileReference section */
		DFE67FC11DC4D0BD0053AEBD /* ASImageSelectorExample.app */ = {isa = PBXFileReference; explicitFileType = wrapper.application; includeInIndex = 0; path = ASImageSelectorExample.app; sourceTree = BUILT_PRODUCTS_DIR; };
		DFE67FC51DC4D0BD0053AEBD /* main.m */ = {isa = PBXFileReference; lastKnownFileType = sourcecode.c.objc; path = main.m; sourceTree = "<group>"; };
		DFE67FC71DC4D0BD0053AEBD /* AppDelegate.h */ = {isa = PBXFileReference; lastKnownFileType = sourcecode.c.h; path = AppDelegate.h; sourceTree = "<group>"; };
		DFE67FC81DC4D0BD0053AEBD /* AppDelegate.m */ = {isa = PBXFileReference; lastKnownFileType = sourcecode.c.objc; path = AppDelegate.m; sourceTree = "<group>"; };
		DFE67FCE1DC4D0BD0053AEBD /* Base */ = {isa = PBXFileReference; lastKnownFileType = file.storyboard; name = Base; path = Base.lproj/Main.storyboard; sourceTree = "<group>"; };
		DFE67FD01DC4D0BD0053AEBD /* Assets.xcassets */ = {isa = PBXFileReference; lastKnownFileType = folder.assetcatalog; path = Assets.xcassets; sourceTree = "<group>"; };
		DFE67FD31DC4D0BD0053AEBD /* Base */ = {isa = PBXFileReference; lastKnownFileType = file.storyboard; name = Base; path = Base.lproj/LaunchScreen.storyboard; sourceTree = "<group>"; };
		DFE67FD51DC4D0BD0053AEBD /* Info.plist */ = {isa = PBXFileReference; lastKnownFileType = text.plist.xml; path = Info.plist; sourceTree = "<group>"; };
		DFE67FDB1DC4D0DC0053AEBD /* ViewController.h */ = {isa = PBXFileReference; fileEncoding = 4; lastKnownFileType = sourcecode.c.h; path = ViewController.h; sourceTree = "<group>"; };
		DFE67FDC1DC4D0DC0053AEBD /* ViewController.m */ = {isa = PBXFileReference; fileEncoding = 4; lastKnownFileType = sourcecode.c.objc; path = ViewController.m; sourceTree = "<group>"; };
		DFE67FEE1DC4D2460053AEBD /* ASImageSelector.h */ = {isa = PBXFileReference; fileEncoding = 4; lastKnownFileType = sourcecode.c.h; path = ASImageSelector.h; sourceTree = "<group>"; };
		DFE67FEF1DC4D2460053AEBD /* ASImageSelector.m */ = {isa = PBXFileReference; fileEncoding = 4; lastKnownFileType = sourcecode.c.objc; path = ASImageSelector.m; sourceTree = "<group>"; };
		DFE67FF01DC4D2460053AEBD /* ASImageSelectorVC.h */ = {isa = PBXFileReference; fileEncoding = 4; lastKnownFileType = sourcecode.c.h; path = ASImageSelectorVC.h; sourceTree = "<group>"; };
		DFE67FF11DC4D2460053AEBD /* ASImageSelectorVC.m */ = {isa = PBXFileReference; fileEncoding = 4; lastKnownFileType = sourcecode.c.objc; path = ASImageSelectorVC.m; sourceTree = "<group>"; };
		DFE67FF21DC4D2460053AEBD /* ASImageSelectorVC.xib */ = {isa = PBXFileReference; fileEncoding = 4; lastKnownFileType = file.xib; path = ASImageSelectorVC.xib; sourceTree = "<group>"; };
		DFE67FF31DC4D2460053AEBD /* ASRectUtils.h */ = {isa = PBXFileReference; fileEncoding = 4; lastKnownFileType = sourcecode.c.h; path = ASRectUtils.h; sourceTree = "<group>"; };
		DFE67FF41DC4D2460053AEBD /* ASRectUtils.m */ = {isa = PBXFileReference; fileEncoding = 4; lastKnownFileType = sourcecode.c.objc; path = ASRectUtils.m; sourceTree = "<group>"; };
		DFE67FF51DC4D2460053AEBD /* ASRectView.h */ = {isa = PBXFileReference; fileEncoding = 4; lastKnownFileType = sourcecode.c.h; path = ASRectView.h; sourceTree = "<group>"; };
		DFE67FF61DC4D2460053AEBD /* ASRectView.m */ = {isa = PBXFileReference; fileEncoding = 4; lastKnownFileType = sourcecode.c.objc; path = ASRectView.m; sourceTree = "<group>"; };
		DFE680011DC4D4C20053AEBD /* ASImageSelector.framework */ = {isa = PBXFileReference; explicitFileType = wrapper.framework; includeInIndex = 0; path = ASImageSelector.framework; sourceTree = BUILT_PRODUCTS_DIR; };
		DFE680031DC4D4C20053AEBD /* ASImageSelector.h */ = {isa = PBXFileReference; lastKnownFileType = sourcecode.c.h; path = ASImageSelector.h; sourceTree = "<group>"; };
		DFE680041DC4D4C20053AEBD /* Info.plist */ = {isa = PBXFileReference; lastKnownFileType = text.plist.xml; path = Info.plist; sourceTree = "<group>"; };
/* End PBXFileReference section */

/* Begin PBXFrameworksBuildPhase section */
		DFE67FBE1DC4D0BD0053AEBD /* Frameworks */ = {
			isa = PBXFrameworksBuildPhase;
			buildActionMask = 2147483647;
			files = (
				DFE680081DC4D4C20053AEBD /* ASImageSelector.framework in Frameworks */,
			);
			runOnlyForDeploymentPostprocessing = 0;
		};
		DFE67FFD1DC4D4C20053AEBD /* Frameworks */ = {
			isa = PBXFrameworksBuildPhase;
			buildActionMask = 2147483647;
			files = (
			);
			runOnlyForDeploymentPostprocessing = 0;
		};
/* End PBXFrameworksBuildPhase section */

/* Begin PBXGroup section */
		DFE67FB81DC4D0BD0053AEBD = {
			isa = PBXGroup;
			children = (
				DFE67FC31DC4D0BD0053AEBD /* ASImageSelectorExample */,
				DFE680021DC4D4C20053AEBD /* ASImageSelector */,
				DFE67FC21DC4D0BD0053AEBD /* Products */,
			);
			sourceTree = "<group>";
		};
		DFE67FC21DC4D0BD0053AEBD /* Products */ = {
			isa = PBXGroup;
			children = (
				DFE67FC11DC4D0BD0053AEBD /* ASImageSelectorExample.app */,
				DFE680011DC4D4C20053AEBD /* ASImageSelector.framework */,
			);
			name = Products;
			sourceTree = "<group>";
		};
		DFE67FC31DC4D0BD0053AEBD /* ASImageSelectorExample */ = {
			isa = PBXGroup;
			children = (
				DFE67FC71DC4D0BD0053AEBD /* AppDelegate.h */,
				DFE67FC81DC4D0BD0053AEBD /* AppDelegate.m */,
				DFE67FCD1DC4D0BD0053AEBD /* Main.storyboard */,
				DFE67FDB1DC4D0DC0053AEBD /* ViewController.h */,
				DFE67FDC1DC4D0DC0053AEBD /* ViewController.m */,
				DFE67FED1DC4D2460053AEBD /* ASImageSelector */,
				DFE67FD01DC4D0BD0053AEBD /* Assets.xcassets */,
				DFE67FD21DC4D0BD0053AEBD /* LaunchScreen.storyboard */,
				DFE67FD51DC4D0BD0053AEBD /* Info.plist */,
				DFE67FC41DC4D0BD0053AEBD /* Supporting Files */,
			);
			path = ASImageSelectorExample;
			sourceTree = "<group>";
		};
		DFE67FC41DC4D0BD0053AEBD /* Supporting Files */ = {
			isa = PBXGroup;
			children = (
				DFE67FC51DC4D0BD0053AEBD /* main.m */,
			);
			name = "Supporting Files";
			sourceTree = "<group>";
		};
		DFE67FED1DC4D2460053AEBD /* ASImageSelector */ = {
			isa = PBXGroup;
			children = (
				DFE67FEE1DC4D2460053AEBD /* ASImageSelector.h */,
				DFE67FEF1DC4D2460053AEBD /* ASImageSelector.m */,
				DFE67FF01DC4D2460053AEBD /* ASImageSelectorVC.h */,
				DFE67FF11DC4D2460053AEBD /* ASImageSelectorVC.m */,
				DFE67FF21DC4D2460053AEBD /* ASImageSelectorVC.xib */,
				DFE67FF31DC4D2460053AEBD /* ASRectUtils.h */,
				DFE67FF41DC4D2460053AEBD /* ASRectUtils.m */,
				DFE67FF51DC4D2460053AEBD /* ASRectView.h */,
				DFE67FF61DC4D2460053AEBD /* ASRectView.m */,
			);
			path = ASImageSelector;
			sourceTree = "<group>";
		};
		DFE680021DC4D4C20053AEBD /* ASImageSelector */ = {
			isa = PBXGroup;
			children = (
				DFE680031DC4D4C20053AEBD /* ASImageSelector.h */,
				DFE680041DC4D4C20053AEBD /* Info.plist */,
			);
			path = ASImageSelector;
			sourceTree = "<group>";
		};
/* End PBXGroup section */

/* Begin PBXHeadersBuildPhase section */
		DFE67FFE1DC4D4C20053AEBD /* Headers */ = {
			isa = PBXHeadersBuildPhase;
			buildActionMask = 2147483647;
			files = (
				DFE680051DC4D4C20053AEBD /* ASImageSelector.h in Headers */,
			);
			runOnlyForDeploymentPostprocessing = 0;
		};
/* End PBXHeadersBuildPhase section */

/* Begin PBXNativeTarget section */
		DFE67FC01DC4D0BD0053AEBD /* ASImageSelectorExample */ = {
			isa = PBXNativeTarget;
			buildConfigurationList = DFE67FD81DC4D0BD0053AEBD /* Build configuration list for PBXNativeTarget "ASImageSelectorExample" */;
			buildPhases = (
				DFE67FBD1DC4D0BD0053AEBD /* Sources */,
				DFE67FBE1DC4D0BD0053AEBD /* Frameworks */,
				DFE67FBF1DC4D0BD0053AEBD /* Resources */,
				DFE6800D1DC4D4C20053AEBD /* Embed Frameworks */,
			);
			buildRules = (
			);
			dependencies = (
				DFE680071DC4D4C20053AEBD /* PBXTargetDependency */,
			);
			name = ASImageSelectorExample;
			productName = ASImageSelectorExample;
			productReference = DFE67FC11DC4D0BD0053AEBD /* ASImageSelectorExample.app */;
			productType = "com.apple.product-type.application";
		};
		DFE680001DC4D4C20053AEBD /* ASImageSelector */ = {
			isa = PBXNativeTarget;
			buildConfigurationList = DFE6800C1DC4D4C20053AEBD /* Build configuration list for PBXNativeTarget "ASImageSelector" */;
			buildPhases = (
				DFE67FFC1DC4D4C20053AEBD /* Sources */,
				DFE67FFD1DC4D4C20053AEBD /* Frameworks */,
				DFE67FFE1DC4D4C20053AEBD /* Headers */,
				DFE67FFF1DC4D4C20053AEBD /* Resources */,
			);
			buildRules = (
			);
			dependencies = (
			);
			name = ASImageSelector;
			productName = ASImageSelector;
			productReference = DFE680011DC4D4C20053AEBD /* ASImageSelector.framework */;
			productType = "com.apple.product-type.framework";
		};
/* End PBXNativeTarget section */

/* Begin PBXProject section */
		DFE67FB91DC4D0BD0053AEBD /* Project object */ = {
			isa = PBXProject;
			attributes = {
				LastUpgradeCheck = 0800;
				ORGANIZATIONNAME = "Ardic Sobutay";
				TargetAttributes = {
					DFE67FC01DC4D0BD0053AEBD = {
						CreatedOnToolsVersion = 8.0;
						DevelopmentTeam = K9K645XT59;
						ProvisioningStyle = Automatic;
					};
					DFE680001DC4D4C20053AEBD = {
						CreatedOnToolsVersion = 8.0;
						DevelopmentTeam = K9K645XT59;
						ProvisioningStyle = Automatic;
					};
				};
			};
			buildConfigurationList = DFE67FBC1DC4D0BD0053AEBD /* Build configuration list for PBXProject "ASImageSelectorExample" */;
			compatibilityVersion = "Xcode 3.2";
			developmentRegion = English;
			hasScannedForEncodings = 0;
			knownRegions = (
				en,
				Base,
			);
			mainGroup = DFE67FB81DC4D0BD0053AEBD;
			productRefGroup = DFE67FC21DC4D0BD0053AEBD /* Products */;
			projectDirPath = "";
			projectRoot = "";
			targets = (
				DFE67FC01DC4D0BD0053AEBD /* ASImageSelectorExample */,
				DFE680001DC4D4C20053AEBD /* ASImageSelector */,
			);
		};
/* End PBXProject section */

/* Begin PBXResourcesBuildPhase section */
		DFE67FBF1DC4D0BD0053AEBD /* Resources */ = {
			isa = PBXResourcesBuildPhase;
			buildActionMask = 2147483647;
			files = (
				DFE67FD41DC4D0BD0053AEBD /* LaunchScreen.storyboard in Resources */,
				DFE67FD11DC4D0BD0053AEBD /* Assets.xcassets in Resources */,
				DFE67FCF1DC4D0BD0053AEBD /* Main.storyboard in Resources */,
			);
			runOnlyForDeploymentPostprocessing = 0;
		};
		DFE67FFF1DC4D4C20053AEBD /* Resources */ = {
			isa = PBXResourcesBuildPhase;
			buildActionMask = 2147483647;
			files = (
				DFE680141DC4DB4C0053AEBD /* ASImageSelectorVC.xib in Resources */,
			);
			runOnlyForDeploymentPostprocessing = 0;
		};
/* End PBXResourcesBuildPhase section */

/* Begin PBXSourcesBuildPhase section */
		DFE67FBD1DC4D0BD0053AEBD /* Sources */ = {
			isa = PBXSourcesBuildPhase;
			buildActionMask = 2147483647;
			files = (
				DFE67FDD1DC4D0DC0053AEBD /* ViewController.m in Sources */,
				DFE67FC91DC4D0BD0053AEBD /* AppDelegate.m in Sources */,
				DFE67FC61DC4D0BD0053AEBD /* main.m in Sources */,
			);
			runOnlyForDeploymentPostprocessing = 0;
		};
		DFE67FFC1DC4D4C20053AEBD /* Sources */ = {
			isa = PBXSourcesBuildPhase;
			buildActionMask = 2147483647;
			files = (
				DFE6800F1DC4D5450053AEBD /* ASImageSelector.m in Sources */,
				DFE680101DC4D5450053AEBD /* ASImageSelectorVC.m in Sources */,
				DFE680111DC4D5450053AEBD /* ASRectUtils.m in Sources */,
				DFE680121DC4D5450053AEBD /* ASRectView.m in Sources */,
			);
			runOnlyForDeploymentPostprocessing = 0;
		};
/* End PBXSourcesBuildPhase section */

/* Begin PBXTargetDependency section */
		DFE680071DC4D4C20053AEBD /* PBXTargetDependency */ = {
			isa = PBXTargetDependency;
			target = DFE680001DC4D4C20053AEBD /* ASImageSelector */;
			targetProxy = DFE680061DC4D4C20053AEBD /* PBXContainerItemProxy */;
		};
/* End PBXTargetDependency section */

/* Begin PBXVariantGroup section */
		DFE67FCD1DC4D0BD0053AEBD /* Main.storyboard */ = {
			isa = PBXVariantGroup;
			children = (
				DFE67FCE1DC4D0BD0053AEBD /* Base */,
			);
			name = Main.storyboard;
			sourceTree = "<group>";
		};
		DFE67FD21DC4D0BD0053AEBD /* LaunchScreen.storyboard */ = {
			isa = PBXVariantGroup;
			children = (
				DFE67FD31DC4D0BD0053AEBD /* Base */,
			);
			name = LaunchScreen.storyboard;
			sourceTree = "<group>";
		};
/* End PBXVariantGroup section */

/* Begin XCBuildConfiguration section */
		DFE67FD61DC4D0BD0053AEBD /* Debug */ = {
			isa = XCBuildConfiguration;
			buildSettings = {
				ALWAYS_SEARCH_USER_PATHS = NO;
				CLANG_ANALYZER_NONNULL = YES;
				CLANG_CXX_LANGUAGE_STANDARD = "gnu++0x";
				CLANG_CXX_LIBRARY = "libc++";
				CLANG_ENABLE_MODULES = YES;
				CLANG_ENABLE_OBJC_ARC = YES;
				CLANG_WARN_BOOL_CONVERSION = YES;
				CLANG_WARN_CONSTANT_CONVERSION = YES;
				CLANG_WARN_DIRECT_OBJC_ISA_USAGE = YES_ERROR;
				CLANG_WARN_DOCUMENTATION_COMMENTS = YES;
				CLANG_WARN_EMPTY_BODY = YES;
				CLANG_WARN_ENUM_CONVERSION = YES;
				CLANG_WARN_INFINITE_RECURSION = YES;
				CLANG_WARN_INT_CONVERSION = YES;
				CLANG_WARN_OBJC_ROOT_CLASS = YES_ERROR;
				CLANG_WARN_SUSPICIOUS_MOVES = YES;
				CLANG_WARN_UNREACHABLE_CODE = YES;
				CLANG_WARN__DUPLICATE_METHOD_MATCH = YES;
				"CODE_SIGN_IDENTITY[sdk=iphoneos*]" = "iPhone Developer";
				COPY_PHASE_STRIP = NO;
				DEBUG_INFORMATION_FORMAT = dwarf;
				ENABLE_STRICT_OBJC_MSGSEND = YES;
				ENABLE_TESTABILITY = YES;
				GCC_C_LANGUAGE_STANDARD = gnu99;
				GCC_DYNAMIC_NO_PIC = NO;
				GCC_NO_COMMON_BLOCKS = YES;
				GCC_OPTIMIZATION_LEVEL = 0;
				GCC_PREPROCESSOR_DEFINITIONS = (
					"DEBUG=1",
					"$(inherited)",
				);
				GCC_WARN_64_TO_32_BIT_CONVERSION = YES;
				GCC_WARN_ABOUT_RETURN_TYPE = YES_ERROR;
				GCC_WARN_UNDECLARED_SELECTOR = YES;
				GCC_WARN_UNINITIALIZED_AUTOS = YES_AGGRESSIVE;
				GCC_WARN_UNUSED_FUNCTION = YES;
				GCC_WARN_UNUSED_VARIABLE = YES;
				IPHONEOS_DEPLOYMENT_TARGET = 8.0;
				MTL_ENABLE_DEBUG_INFO = YES;
				ONLY_ACTIVE_ARCH = YES;
				SDKROOT = iphoneos;
			};
			name = Debug;
		};
		DFE67FD71DC4D0BD0053AEBD /* Release */ = {
			isa = XCBuildConfiguration;
			buildSettings = {
				ALWAYS_SEARCH_USER_PATHS = NO;
				CLANG_ANALYZER_NONNULL = YES;
				CLANG_CXX_LANGUAGE_STANDARD = "gnu++0x";
				CLANG_CXX_LIBRARY = "libc++";
				CLANG_ENABLE_MODULES = YES;
				CLANG_ENABLE_OBJC_ARC = YES;
				CLANG_WARN_BOOL_CONVERSION = YES;
				CLANG_WARN_CONSTANT_CONVERSION = YES;
				CLANG_WARN_DIRECT_OBJC_ISA_USAGE = YES_ERROR;
				CLANG_WARN_DOCUMENTATION_COMMENTS = YES;
				CLANG_WARN_EMPTY_BODY = YES;
				CLANG_WARN_ENUM_CONVERSION = YES;
				CLANG_WARN_INFINITE_RECURSION = YES;
				CLANG_WARN_INT_CONVERSION = YES;
				CLANG_WARN_OBJC_ROOT_CLASS = YES_ERROR;
				CLANG_WARN_SUSPICIOUS_MOVES = YES;
				CLANG_WARN_UNREACHABLE_CODE = YES;
				CLANG_WARN__DUPLICATE_METHOD_MATCH = YES;
				"CODE_SIGN_IDENTITY[sdk=iphoneos*]" = "iPhone Developer";
				COPY_PHASE_STRIP = NO;
				DEBUG_INFORMATION_FORMAT = "dwarf-with-dsym";
				ENABLE_NS_ASSERTIONS = NO;
				ENABLE_STRICT_OBJC_MSGSEND = YES;
				GCC_C_LANGUAGE_STANDARD = gnu99;
				GCC_NO_COMMON_BLOCKS = YES;
				GCC_WARN_64_TO_32_BIT_CONVERSION = YES;
				GCC_WARN_ABOUT_RETURN_TYPE = YES_ERROR;
				GCC_WARN_UNDECLARED_SELECTOR = YES;
				GCC_WARN_UNINITIALIZED_AUTOS = YES_AGGRESSIVE;
				GCC_WARN_UNUSED_FUNCTION = YES;
				GCC_WARN_UNUSED_VARIABLE = YES;
				IPHONEOS_DEPLOYMENT_TARGET = 8.0;
				MTL_ENABLE_DEBUG_INFO = NO;
				SDKROOT = iphoneos;
				VALIDATE_PRODUCT = YES;
			};
			name = Release;
		};
		DFE67FD91DC4D0BD0053AEBD /* Debug */ = {
			isa = XCBuildConfiguration;
			buildSettings = {
				ASSETCATALOG_COMPILER_APPICON_NAME = AppIcon;
				DEVELOPMENT_TEAM = K9K645XT59;
				INFOPLIST_FILE = ASImageSelectorExample/Info.plist;
				LD_RUNPATH_SEARCH_PATHS = "$(inherited) @executable_path/Frameworks";
				PRODUCT_BUNDLE_IDENTIFIER = com.ardicsobutay.ASImageSelectorExample;
				PRODUCT_NAME = "$(TARGET_NAME)";
			};
			name = Debug;
		};
		DFE67FDA1DC4D0BD0053AEBD /* Release */ = {
			isa = XCBuildConfiguration;
			buildSettings = {
				ASSETCATALOG_COMPILER_APPICON_NAME = AppIcon;
				DEVELOPMENT_TEAM = K9K645XT59;
				INFOPLIST_FILE = ASImageSelectorExample/Info.plist;
				LD_RUNPATH_SEARCH_PATHS = "$(inherited) @executable_path/Frameworks";
				PRODUCT_BUNDLE_IDENTIFIER = com.ardicsobutay.ASImageSelectorExample;
				PRODUCT_NAME = "$(TARGET_NAME)";
			};
			name = Release;
		};
		DFE6800A1DC4D4C20053AEBD /* Debug */ = {
			isa = XCBuildConfiguration;
			buildSettings = {
				CODE_SIGN_IDENTITY = "";
				CURRENT_PROJECT_VERSION = 1;
				DEFINES_MODULE = YES;
				DEVELOPMENT_TEAM = K9K645XT59;
				DYLIB_COMPATIBILITY_VERSION = 1;
				DYLIB_CURRENT_VERSION = 1;
				DYLIB_INSTALL_NAME_BASE = "@rpath";
				INFOPLIST_FILE = ASImageSelector/Info.plist;
				INSTALL_PATH = "$(LOCAL_LIBRARY_DIR)/Frameworks";
				IPHONEOS_DEPLOYMENT_TARGET = 8.0;
				LD_RUNPATH_SEARCH_PATHS = "$(inherited) @executable_path/Frameworks @loader_path/Frameworks";
				PRODUCT_BUNDLE_IDENTIFIER = com.ardicsobutay.ASImageSelector;
				PRODUCT_NAME = "$(TARGET_NAME)";
				SKIP_INSTALL = YES;
				TARGETED_DEVICE_FAMILY = "1,2";
				VERSIONING_SYSTEM = "apple-generic";
				VERSION_INFO_PREFIX = "";
			};
			name = Debug;
		};
		DFE6800B1DC4D4C20053AEBD /* Release */ = {
			isa = XCBuildConfiguration;
			buildSettings = {
				CODE_SIGN_IDENTITY = "";
				CURRENT_PROJECT_VERSION = 1;
				DEFINES_MODULE = YES;
				DEVELOPMENT_TEAM = K9K645XT59;
				DYLIB_COMPATIBILITY_VERSION = 1;
				DYLIB_CURRENT_VERSION = 1;
				DYLIB_INSTALL_NAME_BASE = "@rpath";
				INFOPLIST_FILE = ASImageSelector/Info.plist;
				INSTALL_PATH = "$(LOCAL_LIBRARY_DIR)/Frameworks";
				IPHONEOS_DEPLOYMENT_TARGET = 8.0;
				LD_RUNPATH_SEARCH_PATHS = "$(inherited) @executable_path/Frameworks @loader_path/Frameworks";
				PRODUCT_BUNDLE_IDENTIFIER = com.ardicsobutay.ASImageSelector;
				PRODUCT_NAME = "$(TARGET_NAME)";
				SKIP_INSTALL = YES;
				TARGETED_DEVICE_FAMILY = "1,2";
				VERSIONING_SYSTEM = "apple-generic";
				VERSION_INFO_PREFIX = "";
			};
			name = Release;
		};
/* End XCBuildConfiguration section */

/* Begin XCConfigurationList section */
		DFE67FBC1DC4D0BD0053AEBD /* Build configuration list for PBXProject "ASImageSelectorExample" */ = {
			isa = XCConfigurationList;
			buildConfigurations = (
				DFE67FD61DC4D0BD0053AEBD /* Debug */,
				DFE67FD71DC4D0BD0053AEBD /* Release */,
			);
			defaultConfigurationIsVisible = 0;
			defaultConfigurationName = Release;
		};
		DFE67FD81DC4D0BD0053AEBD /* Build configuration list for PBXNativeTarget "ASImageSelectorExample" */ = {
			isa = XCConfigurationList;
			buildConfigurations = (
				DFE67FD91DC4D0BD0053AEBD /* Debug */,
				DFE67FDA1DC4D0BD0053AEBD /* Release */,
			);
			defaultConfigurationIsVisible = 0;
			defaultConfigurationName = Release;
		};
		DFE6800C1DC4D4C20053AEBD /* Build configuration list for PBXNativeTarget "ASImageSelector" */ = {
			isa = XCConfigurationList;
			buildConfigurations = (
				DFE6800A1DC4D4C20053AEBD /* Debug */,
				DFE6800B1DC4D4C20053AEBD /* Release */,
			);
			defaultConfigurationIsVisible = 0;
		};
/* End XCConfigurationList section */
	};
	rootObject = DFE67FB91DC4D0BD0053AEBD /* Project object */;
}
